
Microsoft Visual Studio Solution File, Format Version 12.00
# Visual Studio 15
VisualStudioVersion = 15.0.28010.0
MinimumVisualStudioVersion = 10.0.40219.1
Project("{9A19103F-16F7-4668-BE54-9A1E7A4F7556}") = "RabbitBroker.Web", "RabbitBroker.Web\RabbitBroker.Web.csproj", "{2C8DB9B7-4359-43F9-AB80-45BF738A90CE}"
EndProject
Global
	GlobalSection(SolutionConfigurationPlatforms) = preSolution
		Debug|Any CPU = Debug|Any CPU
		Release|Any CPU = Release|Any CPU
	EndGlobalSection
	GlobalSection(ProjectConfigurationPlatforms) = postSolution
		{2C8DB9B7-4359-43F9-AB80-45BF738A90CE}.Debug|Any CPU.ActiveCfg = Debug|Any CPU
		{2C8DB9B7-4359-43F9-AB80-45BF738A90CE}.Debug|Any CPU.Build.0 = Debug|Any CPU
		{2C8DB9B7-4359-43F9-AB80-45BF738A90CE}.Release|Any CPU.ActiveCfg = Release|Any CPU
		{2C8DB9B7-4359-43F9-AB80-45BF738A90CE}.Release|Any CPU.Build.0 = Release|Any CPU
	EndGlobalSection
	GlobalSection(SolutionProperties) = preSolution
		HideSolutionNode = FALSE
	EndGlobalSection
	GlobalSection(ExtensibilityGlobals) = postSolution
		SolutionGuid = {63B34D67-F5ED-48EB-A3B6-1EAA6400970E}
	EndGlobalSection
EndGlobal
